
Microsoft Visual Studio Solution File, Format Version 12.00
# Visual Studio Version 16
VisualStudioVersion = 16.0.29318.209
MinimumVisualStudioVersion = 10.0.40219.1
Project("{FAE04EC0-301F-11D3-BF4B-00C04F79EFBC}") = "Domain", "Domain\Domain.csproj", "{0E0642C5-47D3-43A4-99FE-9F31F7A050D9}"
EndProject
Project("{FAE04EC0-301F-11D3-BF4B-00C04F79EFBC}") = "Application", "Application\Application.csproj", "{A366A943-A3D0-494A-93BB-E3B6F67BF70C}"
EndProject
Project("{FAE04EC0-301F-11D3-BF4B-00C04F79EFBC}") = "Implementation", "Implementation\Implementation.csproj", "{E7F9B190-0DDC-48C8-BC2D-8CFC68A1AD92}"
EndProject
Project("{FAE04EC0-301F-11D3-BF4B-00C04F79EFBC}") = "DataAccess", "DataAccess\DataAccess.csproj", "{A6E7E2A5-AC41-4B7C-B988-E962ADDDFE1F}"
EndProject
Project("{FAE04EC0-301F-11D3-BF4B-00C04F79EFBC}") = "API", "API\API.csproj", "{D2F11A5A-B4E5-48A0-8A31-129642F0AC5E}"
EndProject
Global
	GlobalSection(SolutionConfigurationPlatforms) = preSolution
		Debug|Any CPU = Debug|Any CPU
		Release|Any CPU = Release|Any CPU
	EndGlobalSection
	GlobalSection(ProjectConfigurationPlatforms) = postSolution
		{0E0642C5-47D3-43A4-99FE-9F31F7A050D9}.Debug|Any CPU.ActiveCfg = Debug|Any CPU
		{0E0642C5-47D3-43A4-99FE-9F31F7A050D9}.Debug|Any CPU.Build.0 = Debug|Any CPU
		{0E0642C5-47D3-43A4-99FE-9F31F7A050D9}.Release|Any CPU.ActiveCfg = Release|Any CPU
		{0E0642C5-47D3-43A4-99FE-9F31F7A050D9}.Release|Any CPU.Build.0 = Release|Any CPU
		{A366A943-A3D0-494A-93BB-E3B6F67BF70C}.Debug|Any CPU.ActiveCfg = Debug|Any CPU
		{A366A943-A3D0-494A-93BB-E3B6F67BF70C}.Debug|Any CPU.Build.0 = Debug|Any CPU
		{A366A943-A3D0-494A-93BB-E3B6F67BF70C}.Release|Any CPU.ActiveCfg = Release|Any CPU
		{A366A943-A3D0-494A-93BB-E3B6F67BF70C}.Release|Any CPU.Build.0 = Release|Any CPU
		{E7F9B190-0DDC-48C8-BC2D-8CFC68A1AD92}.Debug|Any CPU.ActiveCfg = Debug|Any CPU
		{E7F9B190-0DDC-48C8-BC2D-8CFC68A1AD92}.Debug|Any CPU.Build.0 = Debug|Any CPU
		{E7F9B190-0DDC-48C8-BC2D-8CFC68A1AD92}.Release|Any CPU.ActiveCfg = Release|Any CPU
		{E7F9B190-0DDC-48C8-BC2D-8CFC68A1AD92}.Release|Any CPU.Build.0 = Release|Any CPU
		{A6E7E2A5-AC41-4B7C-B988-E962ADDDFE1F}.Debug|Any CPU.ActiveCfg = Debug|Any CPU
		{A6E7E2A5-AC41-4B7C-B988-E962ADDDFE1F}.Debug|Any CPU.Build.0 = Debug|Any CPU
		{A6E7E2A5-AC41-4B7C-B988-E962ADDDFE1F}.Release|Any CPU.ActiveCfg = Release|Any CPU
		{A6E7E2A5-AC41-4B7C-B988-E962ADDDFE1F}.Release|Any CPU.Build.0 = Release|Any CPU
		{D2F11A5A-B4E5-48A0-8A31-129642F0AC5E}.Debug|Any CPU.ActiveCfg = Debug|Any CPU
		{D2F11A5A-B4E5-48A0-8A31-129642F0AC5E}.Debug|Any CPU.Build.0 = Debug|Any CPU
		{D2F11A5A-B4E5-48A0-8A31-129642F0AC5E}.Release|Any CPU.ActiveCfg = Release|Any CPU
		{D2F11A5A-B4E5-48A0-8A31-129642F0AC5E}.Release|Any CPU.Build.0 = Release|Any CPU
	EndGlobalSection
	GlobalSection(SolutionProperties) = preSolution
		HideSolutionNode = FALSE
	EndGlobalSection
	GlobalSection(ExtensibilityGlobals) = postSolution
		SolutionGuid = {DF5490A9-161B-4742-8587-8CD65A3AE5CD}
	EndGlobalSection
EndGlobal
